
Microsoft Visual Studio Solution File, Format Version 12.00
# Visual Studio Version 17
VisualStudioVersion = 17.1.32328.378
MinimumVisualStudioVersion = 10.0.40219.1
Project("{FAE04EC0-301F-11D3-BF4B-00C04F79EFBC}") = "KinectHandTracking", "KinectHandTracking.csproj", "{1281576E-8BFE-43BB-A177-550A4A1D4AB6}"
EndProject
Global
	GlobalSection(SolutionConfigurationPlatforms) = preSolution
		Debug|Any CPU = Debug|Any CPU
		Release|Any CPU = Release|Any CPU
	EndGlobalSection
	GlobalSection(ProjectConfigurationPlatforms) = postSolution
		{1281576E-8BFE-43BB-A177-550A4A1D4AB6}.Debug|Any CPU.ActiveCfg = Debug|Any CPU
		{1281576E-8BFE-43BB-A177-550A4A1D4AB6}.Debug|Any CPU.Build.0 = Debug|Any CPU
		{1281576E-8BFE-43BB-A177-550A4A1D4AB6}.Release|Any CPU.ActiveCfg = Release|Any CPU
		{1281576E-8BFE-43BB-A177-550A4A1D4AB6}.Release|Any CPU.Build.0 = Release|Any CPU
	EndGlobalSection
	GlobalSection(SolutionProperties) = preSolution
		HideSolutionNode = FALSE
	EndGlobalSection
	GlobalSection(ExtensibilityGlobals) = postSolution
		SolutionGuid = {01F7C574-19A2-4A23-8E13-491FCE8B530F}
	EndGlobalSection
EndGlobal
